
Microsoft Visual Studio Solution File, Format Version 12.00
# Visual Studio 2013
VisualStudioVersion = 12.0.31101.0
MinimumVisualStudioVersion = 10.0.40219.1
Project("{8BC9CEB8-8B4A-11D0-8D11-00A0C91BC942}") = "Miles_Per_Gallon", "Miles_Per_Gallon\Miles_Per_Gallon.vcxproj", "{17332E48-CFA9-4788-B439-53C962156B4F}"
EndProject
Global
	GlobalSection(SolutionConfigurationPlatforms) = preSolution
		Debug|Win32 = Debug|Win32
		Release|Win32 = Release|Win32
	EndGlobalSection
	GlobalSection(ProjectConfigurationPlatforms) = postSolution
		{17332E48-CFA9-4788-B439-53C962156B4F}.Debug|Win32.ActiveCfg = Debug|Win32
		{17332E48-CFA9-4788-B439-53C962156B4F}.Debug|Win32.Build.0 = Debug|Win32
		{17332E48-CFA9-4788-B439-53C962156B4F}.Release|Win32.ActiveCfg = Release|Win32
		{17332E48-CFA9-4788-B439-53C962156B4F}.Release|Win32.Build.0 = Release|Win32
	EndGlobalSection
	GlobalSection(SolutionProperties) = preSolution
		HideSolutionNode = FALSE
	EndGlobalSection
EndGlobal
